<?xml version="1.0" encoding="utf-8"?>
<Project ToolsVersion="4.0" xmlns="http://schemas.microsoft.com/developer/msbuild/2003">
  <ItemGroup>
    <ClCompile Include="Main.cpp" />
    <ClCompile Include="..\thirdparty\imgui\imgui.cpp">
      <Filter>thirdparty\imgui</Filter>
    </ClCompile>
    <ClCompile Include="..\thirdparty\imgui\imgui_demo.cpp">
      <Filter>thirdparty\imgui</Filter>
    </ClCompile>
    <ClCompile Include="..\thirdparty\imgui\imgui_draw.cpp">
      <Filter>thirdparty\imgui</Filter>
    </ClCompile>
    <ClCompile Include="..\thirdparty\imgui\imgui_impl_dx9.cpp">
      <Filter>thirdparty\imgui</Filter>
    </ClCompile>
    <ClCompile Include="..\thirdparty\imgui\imgui_impl_win32.cpp">
      <Filter>thirdparty\imgui</Filter>
    </ClCompile>
    <ClCompile Include="..\thirdparty\imgui\imgui_tables.cpp">
      <Filter>thirdparty\imgui</Filter>
    </ClCompile>
    <ClCompile Include="..\thirdparty\imgui\imgui_widgets.cpp">
      <Filter>thirdparty\imgui</Filter>
    </ClCompile>
    <ClCompile Include="menu\menu.cpp">
      <Filter>menu</Filter>
    </ClCompile>
    <ClCompile Include="..\thirdparty\minhook\src\buffer.c">
      <Filter>thirdparty\minhook\src</Filter>
    </ClCompile>
    <ClCompile Include="..\thirdparty\minhook\src\hook.c">
      <Filter>thirdparty\minhook\src</Filter>
    </ClCompile>
    <ClCompile Include="..\thirdparty\minhook\src\trampoline.c">
      <Filter>thirdparty\minhook\src</Filter>
    </ClCompile>
    <ClCompile Include="..\thirdparty\minhook\src\hde\hde32.c">
      <Filter>thirdparty\minhook\src\hde</Filter>
    </ClCompile>
    <ClCompile Include="..\thirdparty\minhook\src\hde\hde64.c">
      <Filter>thirdparty\minhook\src\hde</Filter>
    </ClCompile>
    <ClCompile Include="console\console.cpp">
      <Filter>console</Filter>
    </ClCompile>
    <ClCompile Include="utilities\utilities.cpp">
      <Filter>utilities</Filter>
    </ClCompile>
    <ClCompile Include="client\client.cpp">
      <Filter>client</Filter>
    </ClCompile>
    <ClCompile Include="netc\netc.cpp">
      <Filter>netc</Filter>
    </ClCompile>
    <ClCompile Include="..\thirdparty\imgui\imgui_texteditor.cpp">
      <Filter>thirdparty\imgui</Filter>
    </ClCompile>
    <ClCompile Include="D3D9HOOK.cpp" />
    <ClCompile Include="fonts.cpp" />
  </ItemGroup>
  <ItemGroup>
    <ClInclude Include="includes.h" />
    <ClInclude Include="..\thirdparty\imgui\imconfig.h">
      <Filter>thirdparty\imgui</Filter>
    </ClInclude>
    <ClInclude Include="..\thirdparty\imgui\imgui.h">
      <Filter>thirdparty\imgui</Filter>
    </ClInclude>
    <ClInclude Include="..\thirdparty\imgui\imgui_impl_dx9.h">
      <Filter>thirdparty\imgui</Filter>
    </ClInclude>
    <ClInclude Include="..\thirdparty\imgui\imgui_impl_win32.h">
      <Filter>thirdparty\imgui</Filter>
    </ClInclude>
    <ClInclude Include="..\thirdparty\imgui\imgui_internal.h">
      <Filter>thirdparty\imgui</Filter>
    </ClInclude>
    <ClInclude Include="..\thirdparty\imgui\imstb_rectpack.h">
      <Filter>thirdparty\imgui</Filter>
    </ClInclude>
    <ClInclude Include="..\thirdparty\imgui\imstb_textedit.h">
      <Filter>thirdparty\imgui</Filter>
    </ClInclude>
    <ClInclude Include="..\thirdparty\imgui\imstb_truetype.h">
      <Filter>thirdparty\imgui</Filter>
    </ClInclude>
    <ClInclude Include="..\thirdparty\minhook\include\MinHook.h">
      <Filter>thirdparty\minhook\include</Filter>
    </ClInclude>
    <ClInclude Include="menu\menu.h">
      <Filter>menu</Filter>
    </ClInclude>
    <ClInclude Include="data\elements.h">
      <Filter>data</Filter>
    </ClInclude>
    <ClInclude Include="data\variables.h">
      <Filter>data</Filter>
    </ClInclude>
    <ClInclude Include="..\thirdparty\minhook\src\buffer.h">
      <Filter>thirdparty\minhook\src</Filter>
    </ClInclude>
    <ClInclude Include="..\thirdparty\minhook\src\trampoline.h">
      <Filter>thirdparty\minhook\src</Filter>
    </ClInclude>
    <ClInclude Include="..\thirdparty\minhook\src\hde\pstdint.h">
      <Filter>thirdparty\minhook\src\hde</Filter>
    </ClInclude>
    <ClInclude Include="..\thirdparty\minhook\src\hde\table32.h">
      <Filter>thirdparty\minhook\src\hde</Filter>
    </ClInclude>
    <ClInclude Include="..\thirdparty\minhook\src\hde\table64.h">
      <Filter>thirdparty\minhook\src\hde</Filter>
    </ClInclude>
    <ClInclude Include="..\thirdparty\minhook\src\hde\hde64.h">
      <Filter>thirdparty\minhook\src\hde</Filter>
    </ClInclude>
    <ClInclude Include="..\thirdparty\minhook\src\hde\hde32.h">
      <Filter>thirdparty\minhook\src\hde</Filter>
    </ClInclude>
    <ClInclude Include="console\console.h">
      <Filter>console</Filter>
    </ClInclude>
    <ClInclude Include="utilities\utilities.h">
      <Filter>utilities</Filter>
    </ClInclude>
    <ClInclude Include="client\client.h">
      <Filter>client</Filter>
    </ClInclude>
    <ClInclude Include="netc\netc.h">
      <Filter>netc</Filter>
    </ClInclude>
    <ClInclude Include="..\thirdparty\imgui\imgui_texteditor.h">
      <Filter>thirdparty\imgui</Filter>
    </ClInclude>
    <ClInclude Include="protection\xorstr.h">
      <Filter>protection</Filter>
    </ClInclude>
    <ClInclude Include="D3D9HOOK.hpp" />
    <ClInclude Include="hashes.hpp" />
    <ClInclude Include="fonts.hpp" />
    <ClInclude Include="font.h" />
    <ClInclude Include="skCrypter.h" />
    <ClInclude Include="globals.h" />
  </ItemGroup>
  <ItemGroup>
    <Filter Include="thirdparty">
      <UniqueIdentifier>{b4d926e6-b146-4849-8926-c3b6bca16699}</UniqueIdentifier>
    </Filter>
    <Filter Include="thirdparty\imgui">
      <UniqueIdentifier>{22ff9e57-e1de-4754-9680-e4e7f49e92d6}</UniqueIdentifier>
    </Filter>
    <Filter Include="data">
      <UniqueIdentifier>{06472a5d-7a74-4e9b-9d17-ee49f50158e9}</UniqueIdentifier>
    </Filter>
    <Filter Include="utilities">
      <UniqueIdentifier>{af116ca4-744f-44bc-bee9-f19fb232d1c6}</UniqueIdentifier>
    </Filter>
    <Filter Include="console">
      <UniqueIdentifier>{3b6f0579-b7be-4e3b-94f3-909c188dc7aa}</UniqueIdentifier>
    </Filter>
    <Filter Include="menu">
      <UniqueIdentifier>{9c226aa1-b833-4ea2-84d3-d81eaa99fd9a}</UniqueIdentifier>
    </Filter>
    <Filter Include="thirdparty\minhook">
      <UniqueIdentifier>{950e7be0-a6c3-4f51-bdd4-74b909bff04f}</UniqueIdentifier>
    </Filter>
    <Filter Include="thirdparty\minhook\src">
      <UniqueIdentifier>{afcc8e44-3633-42bc-ae38-5847204d77b7}</UniqueIdentifier>
    </Filter>
    <Filter Include="thirdparty\minhook\src\hde">
      <UniqueIdentifier>{959175a2-1b4e-441b-8d61-fca3fabf2c2b}</UniqueIdentifier>
    </Filter>
    <Filter Include="thirdparty\minhook\include">
      <UniqueIdentifier>{70d9c0a5-278d-40a5-8177-181b6ea2447e}</UniqueIdentifier>
    </Filter>
    <Filter Include="client">
      <UniqueIdentifier>{ffd1ef55-5506-4ad4-bcec-802868a95445}</UniqueIdentifier>
    </Filter>
    <Filter Include="netc">
      <UniqueIdentifier>{0a29bf9c-de86-4028-82d5-6ffeef8fc7e0}</UniqueIdentifier>
    </Filter>
    <Filter Include="protection">
      <UniqueIdentifier>{454b6ba2-376f-45b7-b241-e86ad6900e22}</UniqueIdentifier>
    </Filter>
  </ItemGroup>
</Project>